{
    "name": "simple-proxy",
    "version": "0.0.1",
    "lockfileVersion": 1,
    "requires": true,
    "dependencies": {
        "@babel/polyfill": {
            "version": "7.8.3",
            "resolved": "https://registry.npmjs.org/@babel/polyfill/-/polyfill-7.8.3.tgz",
            "integrity": "sha512-0QEgn2zkCzqGIkSWWAEmvxD7e00Nm9asTtQvi7HdlYvMhjy/J38V/1Y9ode0zEJeIuxAI0uftiAzqc7nVeWUGg==",
            "requires": {
                "core-js": "^2.6.5",
                "regenerator-runtime": "^0.13.2"
            }
        },
        "@babel/runtime": {
            "version": "7.8.3",
            "resolved": "https://registry.npmjs.org/@babel/runtime/-/runtime-7.8.3.tgz",
            "integrity": "sha512-fVHx1rzEmwB130VTkLnxR+HmxcTjGzH12LYQcFFoBwakMd3aOMD4OsRN7tGG/UOYE2ektgFrS8uACAoRk1CY0w==",
            "requires": {
                "regenerator-runtime": "^0.13.2"
            }
        },
        "binary": {
            "version": "0.3.0",
            "resolved": "https://registry.npmjs.org/binary/-/binary-0.3.0.tgz",
            "integrity": "sha1-n2BVO8XOjDOG87VTz/R0Yq3sqnk=",
            "requires": {
                "buffers": "~0.1.1",
                "chainsaw": "~0.1.0"
            }
        },
        "buffers": {
            "version": "0.1.1",
            "resolved": "https://registry.npmjs.org/buffers/-/buffers-0.1.1.tgz",
            "integrity": "sha1-skV5w77U1tOWru5tmorn9Ugqt7s="
        },
        "chainsaw": {
            "version": "0.1.0",
            "resolved": "https://registry.npmjs.org/chainsaw/-/chainsaw-0.1.0.tgz",
            "integrity": "sha1-XqtQsor+WAdNDVgpE4iCi15fvJg=",
            "requires": {
                "traverse": ">=0.3.0 <0.4"
            }
        },
        "core-js": {
            "version": "2.6.11",
            "resolved": "https://registry.npmjs.org/core-js/-/core-js-2.6.11.tgz",
            "integrity": "sha512-5wjnpaT/3dV+XB4borEsnAYQchn00XSgTAWKDkEqv+K8KevjbzmofK6hfJ9TZIlpj2N0xQpazy7PiRQiWHqzWg=="
        },
        "put": {
            "version": "0.0.6",
            "resolved": "https://registry.npmjs.org/put/-/put-0.0.6.tgz",
            "integrity": "sha1-MPX2C9bkOJvTKeFqJThsuy5KAKM="
        },
        "regenerator-runtime": {
            "version": "0.13.3",
            "resolved": "https://registry.npmjs.org/regenerator-runtime/-/regenerator-runtime-0.13.3.tgz",
            "integrity": "sha512-naKIZz2GQ8JWh///G7L3X6LaQUAMp2lvb1rvwwsURe/VXwD6VMfr+/1NuNw3ag8v2kY1aQ/go5SNn79O9JU7yw=="
        },
        "simple-socks": {
            "version": "1.0.3",
            "resolved": "https://registry.npmjs.org/simple-socks/-/simple-socks-1.0.3.tgz",
            "integrity": "sha512-m0q3Rv2u67bZWLLLjV92vcL0gW8psL10cXIBvTVqJbRIY/8JLM+sbo1x9jX1wgzcBdJrMesLe2flmIBJLtdq4w==",
            "requires": {
                "@babel/polyfill": "^7.4.4",
                "@babel/runtime": "^7.5.5",
                "binary": "^0.3.0",
                "put": "0.0.6"
            }
        },
        "traverse": {
            "version": "0.3.9",
            "resolved": "https://registry.npmjs.org/traverse/-/traverse-0.3.9.tgz",
            "integrity": "sha1-cXuPIgzAu3tE5AUUwisui7xw2Lk="
        }
    }
}
